
Microsoft Visual Studio Solution File, Format Version 12.00
# Visual Studio Version 18
VisualStudioVersion = 18.7.11903.348 stable
MinimumVisualStudioVersion = 10.0.40219.1
Project("{FAE04EC0-301F-11D3-BF4B-00C04F79EFBC}") = "DigitalniRepozitorijum", "DigitalniRepozitorijum.csproj", "{915843F9-6D8C-4A9F-1DE0-C5240AE4A2AB}"
EndProject
Global
	GlobalSection(SolutionConfigurationPlatforms) = preSolution
		Debug|Any CPU = Debug|Any CPU
		Release|Any CPU = Release|Any CPU
	EndGlobalSection
	GlobalSection(ProjectConfigurationPlatforms) = postSolution
		{915843F9-6D8C-4A9F-1DE0-C5240AE4A2AB}.Debug|Any CPU.ActiveCfg = Debug|Any CPU
		{915843F9-6D8C-4A9F-1DE0-C5240AE4A2AB}.Debug|Any CPU.Build.0 = Debug|Any CPU
		{915843F9-6D8C-4A9F-1DE0-C5240AE4A2AB}.Release|Any CPU.ActiveCfg = Release|Any CPU
		{915843F9-6D8C-4A9F-1DE0-C5240AE4A2AB}.Release|Any CPU.Build.0 = Release|Any CPU
	EndGlobalSection
	GlobalSection(SolutionProperties) = preSolution
		HideSolutionNode = FALSE
	EndGlobalSection
	GlobalSection(ExtensibilityGlobals) = postSolution
		SolutionGuid = {BA81FBAC-8494-4714-918A-6F1BB4CEAE3D}
	EndGlobalSection
EndGlobal
